# This file is automatically @generated by Cargo.
# It is not intended for manual editing.
version = 4

[[package]]
name = "cairn-cli"
version = "0.1.0"
dependencies = [
 "cairn-exec",
 "cairn-sql",
 "cairn-storage",
]

[[package]]
name = "cairn-exec"
version = "0.1.0"
dependencies = [
 "cairn-sql",
 "cairn-storage",
]

[[package]]
name = "cairn-sql"
version = "0.1.0"

[[package]]
name = "cairn-storage"
version = "0.1.0"
